# This file was autogenerated by Stack.
# You should not edit this file by hand.
# For more information, please see the documentation at:
#   https://docs.haskellstack.org/en/stable/lock_files

packages:
- completed:
    hackage: modular-arithmetic-2.0.0.1@sha256:afc4fc1f503cf0e21eee9eec1b433d010603aadccf9d6590287a175bdc8cfb1b,1606
    pantry-tree:
      sha256: d6ed2dcf3d49c4cd8f72b6e965dec2e47ab1361ad9795ecc952de941396a0f0f
      size: 383
  original:
    hackage: modular-arithmetic-2.0.0.1
- completed:
    commit: 38e16fdc7c2f897433667f2418b59286772bc78b
    git: https://github.com/merliborn/partial-operations.git
    name: partial-operations
    pantry-tree:
      sha256: 334f6716430927aeb62677ccc0d9e0cc7c2511515a591bd2af244c0c0550f186
      size: 795
    version: 0.1.0.0
  original:
    commit: 38e16fdc7c2f897433667f2418b59286772bc78b
    git: https://github.com/merliborn/partial-operations.git
snapshots:
- completed:
    sha256: 14ca51a9a597c32dd7804c10d079feea3d0ae40c5fbbb346cbd67b3ae49f6d01
    size: 649598
    url: https://raw.githubusercontent.com/commercialhaskell/stackage-snapshots/master/lts/20/17.yaml
  original: lts-20.17
