# This file was autogenerated by Stack.
# You should not edit this file by hand.
# For more information, please see the documentation at:
#   https://docs.haskellstack.org/en/stable/lock_files

packages:
- completed:
    hackage: modular-arithmetic-2.0.0.1@sha256:afc4fc1f503cf0e21eee9eec1b433d010603aadccf9d6590287a175bdc8cfb1b,1606
    pantry-tree:
      size: 383
      sha256: d6ed2dcf3d49c4cd8f72b6e965dec2e47ab1361ad9795ecc952de941396a0f0f
  original:
    hackage: modular-arithmetic-2.0.0.1
- completed:
    name: partial-operations
    version: 0.1.0.0
    git: https://github.com/merliborn/partial-operations.git
    pantry-tree:
      size: 795
      sha256: 334f6716430927aeb62677ccc0d9e0cc7c2511515a591bd2af244c0c0550f186
    commit: 38e16fdc7c2f897433667f2418b59286772bc78b
  original:
    git: https://github.com/merliborn/partial-operations.git
    commit: 38e16fdc7c2f897433667f2418b59286772bc78b
snapshots:
- completed:
    size: 618683
    url: https://raw.githubusercontent.com/commercialhaskell/stackage-snapshots/master/lts/19/4.yaml
    sha256: d4ee004c46ba878d2f304f5d748d493057be579192a8d148527f3ba55c9df57f
  original: lts-19.4
